{
	"name": "component-library",
	"version": "0.0.1",
	"lockfileVersion": 1,
	"requires": true,
	"dependencies": {
		"@stencil/angular-output-target": {
			"version": "0.0.1",
			"resolved": "https://registry.npmjs.org/@stencil/angular-output-target/-/angular-output-target-0.0.1.tgz",
			"integrity": "sha512-kp0jZfwTq6TzV745G3IiTk0rVKgMRNWD+JU1Z23m2cCBbzaKkneZp+U8QjuEVI1Gp8UUWYI/f5fUoC+dcejEWQ==",
			"dev": true
		},
		"@stencil/core": {
			"version": "1.9.0-6",
			"resolved": "https://registry.npmjs.org/@stencil/core/-/core-1.9.0-6.tgz",
			"integrity": "sha512-Ze9oxSET1A+IiOhC7VZp8YyNzsRl2sjY4FGJ6Ob7DCF1TP431r8JY627d1kr9+nC/LKG6eDHdDCBS50ikiDQaA==",
			"dev": true,
			"requires": {
				"typescript": "3.7.3"
			}
		},
		"@stencil/react-output-target": {
			"version": "0.0.1",
			"resolved": "https://registry.npmjs.org/@stencil/react-output-target/-/react-output-target-0.0.1.tgz",
			"integrity": "sha512-LRGafNL3qkjMsqfVIG5K+KtmrndHv9CtxK2TpV13yDAYHtntAPeJvMx8McHOjCI4CtLoKIE3TFq3k30Y4hIovw==",
			"dev": true
		},
		"@stencil/sass": {
			"version": "1.1.1",
			"resolved": "https://registry.npmjs.org/@stencil/sass/-/sass-1.1.1.tgz",
			"integrity": "sha512-Nny3JiFkpQa0RdXWCa4pzhKQYnHuDNzC9c4w35FcaZHXBVuZ1UHSHc7wI7By9SS1auYcySqpPOBVzgoCqXcYVQ==",
			"dev": true
		},
		"@types/node": {
			"version": "12.12.21",
			"resolved": "https://registry.npmjs.org/@types/node/-/node-12.12.21.tgz",
			"integrity": "sha512-8sRGhbpU+ck1n0PGAUgVrWrWdjSW2aqNeyC15W88GRsMpSwzv6RJGlLhE7s2RhVSOdyDmxbqlWSeThq4/7xqlA==",
			"dev": true
		},
		"typescript": {
			"version": "3.7.3",
			"resolved": "https://registry.npmjs.org/typescript/-/typescript-3.7.3.tgz",
			"integrity": "sha512-Mcr/Qk7hXqFBXMN7p7Lusj1ktCBydylfQM/FZCk5glCNQJrCUKPkMHdo9R0MTFWsC/4kPFvDS0fDPvukfCkFsw==",
			"dev": true
		}
	}
}
